schema: '2.0'
stages:
  download_model:
    cmd:
    - "docker run \\\n  -v \"$(pwd)\"/models/weights:/usr/src/app/models/weights \\\
      \n  yolov5-dvc:latest \\\n  python3 -c \"from utils.downloads import attempt_download;\
      \ attempt_download(f'models/weights/yolov5s.pt')\"\n"
    params:
      params.yaml:
        train:
          weights_dir: models/weights
          weights: yolov5s.pt
          hyp: data/hyps/hyp.scratch-low.yaml
          epochs: 3
          batch_size: 16
          img_size: 32
          optimizer: Adam
          workers: 8
          project: runs/train
          entity:
          label_smoothing: 0.0
          bbox_interval: -1
          save_period: -1
          artifact_alias: latest
          yolo_flags: --exist-ok
    outs:
    - path: models/weights/yolov5s.pt
      md5: 523cc152dea05959e1a07f04fb43ebcf
      size: 14808437
  train:
    cmd: docker run -v "$(pwd)"/data_configs:/usr/src/app/data_configs -v $(pwd)/datasets:/usr/src/datasets
      -v "$(pwd)"/models/weights:/usr/src/app/models/weights -v "$(pwd)"/runs:/usr/src/app/runs  yolov5-dvc:latest  python3
      train.py  --data data_configs/coco128.yaml --weights models/weights/yolov5s.pt  --hyp
      data/hyps/hyp.scratch-low.yaml  --epochs 3  --batch-size 16  --img-size 32  --optimizer
      Adam  --workers 8  --project runs/train  --name '' --label-smoothing 0.0  --save-period
      -1  --entity None  --bbox_interval -1  --artifact_alias latest --exist-ok
    deps:
    - path: models/weights/yolov5s.pt
      md5: 523cc152dea05959e1a07f04fb43ebcf
      size: 14808437
    params:
      params.yaml:
        train:
          weights_dir: models/weights
          weights: yolov5s.pt
          hyp: data/hyps/hyp.scratch-low.yaml
          epochs: 3
          batch_size: 16
          img_size: 32
          optimizer: Adam
          workers: 8
          project: runs/train
          entity:
          label_smoothing: 0.0
          bbox_interval: -1
          save_period: -1
          artifact_alias: latest
          yolo_flags: --exist-ok
    outs:
    - path: runs/train/F1_curve.png
      md5: f0a56128991e0fd70d6d14e44d169aec
      size: 81999
    - path: runs/train/PR_curve.png
      md5: b53500b33e38ce1cec0a738f74962e74
      size: 74494
    - path: runs/train/P_curve.png
      md5: d039987a85e47f7d6bc37e632322a886
      size: 144382
    - path: runs/train/R_curve.png
      md5: cc4f7fe03495d687257756fb66814c27
      size: 88699
    - path: runs/train/confusion_matrix.png
      md5: 2c8e50429e66277a0865db53ab97c3b7
      size: 553900
    - path: runs/train/hyp.yaml
      md5: 0b99b67c046abfdcc69005b3d8db9e83
      size: 373
    - path: runs/train/labels.jpg
      md5: dcd2672956db13bacd2d56ea18a74186
      size: 245726
    - path: runs/train/labels_correlogram.jpg
      md5: aaf6ec90cd751d5f88fad529d0ca5147
      size: 211515
    - path: runs/train/results.csv
      md5: 35b1acb13ec13a0e39678114ff147dbe
      size: 1176
    - path: runs/train/results.png
      md5: 4eccd035d8b3d3235a77680a42e34bab
      size: 268274
    - path: runs/train/weights/best.pt
      md5: 952ca1412bc48b3f955b872acb1bc3e7
      size: 14641277
    - path: runs/train/weights/last.pt
      md5: 10845c6455da2fcac48e577c423c0b47
      size: 14641277
  val:
    cmd: docker run --ipc=host -v "$(pwd)"/data_configs:/usr/src/app/data_configs
      -v $(pwd)/datasets:/usr/src/datasets -v "$(pwd)"/runs:/usr/src/app/runs  yolov5-dvc:latest
      python3 val.py --data data_configs/coco128.yaml --weights runs/train/weights/best.pt
      --batch-size  32 --img-size 640 --conf-thres 0.001 --iou-thres 0.6 --max-det
      50 --task val --project runs/val --name '' --verbose --save-conf --save-json
      --exist-ok
    deps:
    - path: runs/train/weights/best.pt
      md5: 952ca1412bc48b3f955b872acb1bc3e7
      size: 14641277
    params:
      params.yaml:
        val:
          batch_size: 32
          img_size: 640
          conf_thres: 0.001
          iou_thres: 0.6
          max_det: 50
          workers: 8
          project: runs/val
          yolo_flags: --verbose --save-conf --save-json --exist-ok
    outs:
    - path: runs/val/F1_curve.png
      md5: 714a70cb9b643ee94594763a45fb5ae8
      size: 58448
    - path: runs/val/PR_curve.png
      md5: 5526b42774145f95d9ef4d643b9c173d
      size: 67751
    - path: runs/val/P_curve.png
      md5: db421cfba20734db862d092d74313f84
      size: 79428
    - path: runs/val/R_curve.png
      md5: 402846b83800e896e23bbb1aa57082ec
      size: 60739
    - path: runs/val/best_predictions.json
      md5: 631924abe99589e924d7eebdb0730db6
      size: 58597
    - path: runs/val/confusion_matrix.png
      md5: 06c16f42c3710b7dedbebea6503666db
      size: 553249
  exports@2:
    cmd: docker run --ipc=host  -v $(pwd)/datasets:/usr/src/datasets -v "$(pwd)"/runs:/usr/src/app/runs  yolov5-dvc:latest
      python3 export.py  --data data_configs/coco128.yaml --weights runs/train/weights/best.pt
      --img-size 640 --batch-size  1 --opset 12 --topk-per-class 100 --topk-all 100
      --iou-thres 0.45 --conf-thres 0.25 --include coreml --verbose
    deps:
    - path: runs/train/weights/best.pt
      md5: 952ca1412bc48b3f955b872acb1bc3e7
      size: 14641277
    outs:
    - path: runs/train/weights/best.mlmodel
      md5: dc156fdc9aa2a99a4babdc7a3cc0782b
      size: 29321907
  exports@1:
    cmd: docker run --ipc=host  -v $(pwd)/datasets:/usr/src/datasets -v "$(pwd)"/runs:/usr/src/app/runs  yolov5-dvc:latest
      python3 export.py  --data data_configs/coco128.yaml --weights runs/train/weights/best.pt
      --img-size 640 --batch-size  1 --opset 12 --topk-per-class 100 --topk-all 100
      --iou-thres 0.45 --conf-thres 0.25 --include onnx --verbose
    deps:
    - path: runs/train/weights/best.pt
      md5: 952ca1412bc48b3f955b872acb1bc3e7
      size: 14641277
    outs:
    - path: runs/train/weights/best.onnx
      md5: da7a36060d6536df8ce4d64688f1ee9f
      size: 29352431
  exports@0:
    cmd: docker run --ipc=host  -v $(pwd)/datasets:/usr/src/datasets -v "$(pwd)"/runs:/usr/src/app/runs  yolov5-dvc:latest
      python3 export.py  --data data_configs/coco128.yaml --weights runs/train/weights/best.pt
      --img-size 640 --batch-size  1 --opset 12 --topk-per-class 100 --topk-all 100
      --iou-thres 0.45 --conf-thres 0.25 --include torchscript --verbose
    deps:
    - path: runs/train/weights/best.pt
      md5: 952ca1412bc48b3f955b872acb1bc3e7
      size: 14641277
    outs:
    - path: runs/train/weights/best.torchscript
      md5: 6bac6a12f13b9029ca02ef916da29646
      size: 29378005
